// !$*UTF8*$!
{
	archiveVersion = 1;
	classes = {
	};
	objectVersion = 51;
	objects = {

/* Begin PBXBuildFile section */
		302AFD2D53C8C47F393463DA /* Pods_AlamofileMappble.framework in Frameworks */ = {isa = PBXBuildFile; fileRef = 72A8E40877C72B805BF2F27A /* Pods_AlamofileMappble.framework */; };
		810124402339105A0079CB87 /* AppDelegate.swift in Sources */ = {isa = PBXBuildFile; fileRef = 8101243F2339105A0079CB87 /* AppDelegate.swift */; };
		810124422339105A0079CB87 /* ViewController.swift in Sources */ = {isa = PBXBuildFile; fileRef = 810124412339105A0079CB87 /* ViewController.swift */; };
		810124452339105A0079CB87 /* Main.storyboard in Resources */ = {isa = PBXBuildFile; fileRef = 810124432339105A0079CB87 /* Main.storyboard */; };
		810124472339105A0079CB87 /* Assets.xcassets in Resources */ = {isa = PBXBuildFile; fileRef = 810124462339105A0079CB87 /* Assets.xcassets */; };
		8101244A2339105A0079CB87 /* LaunchScreen.storyboard in Resources */ = {isa = PBXBuildFile; fileRef = 810124482339105A0079CB87 /* LaunchScreen.storyboard */; };
		81012455233910930079CB87 /* DetailData.swift in Sources */ = {isa = PBXBuildFile; fileRef = 81012454233910930079CB87 /* DetailData.swift */; };
		810124572339119E0079CB87 /* DataServicegetDataDetail.swift in Sources */ = {isa = PBXBuildFile; fileRef = 810124562339119E0079CB87 /* DataServicegetDataDetail.swift */; };
		8101245A233911D40079CB87 /* getDataUrl.swift in Sources */ = {isa = PBXBuildFile; fileRef = 81012459233911D40079CB87 /* getDataUrl.swift */; };
		8101245C2339123B0079CB87 /* TableViewCell.swift in Sources */ = {isa = PBXBuildFile; fileRef = 8101245B2339123B0079CB87 /* TableViewCell.swift */; };
		8101245E2339125D0079CB87 /* TableViewController.swift in Sources */ = {isa = PBXBuildFile; fileRef = 8101245D2339125D0079CB87 /* TableViewController.swift */; };
/* End PBXBuildFile section */

/* Begin PBXFileReference section */
		130D9E567C2A0E788B070440 /* Pods-AlamofileMappble.release.xcconfig */ = {isa = PBXFileReference; includeInIndex = 1; lastKnownFileType = text.xcconfig; name = "Pods-AlamofileMappble.release.xcconfig"; path = "Target Support Files/Pods-AlamofileMappble/Pods-AlamofileMappble.release.xcconfig"; sourceTree = "<group>"; };
		72A8E40877C72B805BF2F27A /* Pods_AlamofileMappble.framework */ = {isa = PBXFileReference; explicitFileType = wrapper.framework; includeInIndex = 0; path = Pods_AlamofileMappble.framework; sourceTree = BUILT_PRODUCTS_DIR; };
		8101243C2339105A0079CB87 /* AlamofileMappble.app */ = {isa = PBXFileReference; explicitFileType = wrapper.application; includeInIndex = 0; path = AlamofileMappble.app; sourceTree = BUILT_PRODUCTS_DIR; };
		8101243F2339105A0079CB87 /* AppDelegate.swift */ = {isa = PBXFileReference; lastKnownFileType = sourcecode.swift; path = AppDelegate.swift; sourceTree = "<group>"; };
		810124412339105A0079CB87 /* ViewController.swift */ = {isa = PBXFileReference; lastKnownFileType = sourcecode.swift; path = ViewController.swift; sourceTree = "<group>"; };
		810124442339105A0079CB87 /* Base */ = {isa = PBXFileReference; lastKnownFileType = file.storyboard; name = Base; path = Base.lproj/Main.storyboard; sourceTree = "<group>"; };
		810124462339105A0079CB87 /* Assets.xcassets */ = {isa = PBXFileReference; lastKnownFileType = folder.assetcatalog; path = Assets.xcassets; sourceTree = "<group>"; };
		810124492339105A0079CB87 /* Base */ = {isa = PBXFileReference; lastKnownFileType = file.storyboard; name = Base; path = Base.lproj/LaunchScreen.storyboard; sourceTree = "<group>"; };
		8101244B2339105A0079CB87 /* Info.plist */ = {isa = PBXFileReference; lastKnownFileType = text.plist.xml; path = Info.plist; sourceTree = "<group>"; };
		81012454233910930079CB87 /* DetailData.swift */ = {isa = PBXFileReference; lastKnownFileType = sourcecode.swift; path = DetailData.swift; sourceTree = "<group>"; };
		810124562339119E0079CB87 /* DataServicegetDataDetail.swift */ = {isa = PBXFileReference; lastKnownFileType = sourcecode.swift; path = DataServicegetDataDetail.swift; sourceTree = "<group>"; };
		81012459233911D40079CB87 /* getDataUrl.swift */ = {isa = PBXFileReference; lastKnownFileType = sourcecode.swift; path = getDataUrl.swift; sourceTree = "<group>"; };
		8101245B2339123B0079CB87 /* TableViewCell.swift */ = {isa = PBXFileReference; lastKnownFileType = sourcecode.swift; path = TableViewCell.swift; sourceTree = "<group>"; };
		8101245D2339125D0079CB87 /* TableViewController.swift */ = {isa = PBXFileReference; lastKnownFileType = sourcecode.swift; path = TableViewController.swift; sourceTree = "<group>"; };
		ACEABD2E872A9C7C6FCE7600 /* Pods-AlamofileMappble.debug.xcconfig */ = {isa = PBXFileReference; includeInIndex = 1; lastKnownFileType = text.xcconfig; name = "Pods-AlamofileMappble.debug.xcconfig"; path = "Target Support Files/Pods-AlamofileMappble/Pods-AlamofileMappble.debug.xcconfig"; sourceTree = "<group>"; };
/* End PBXFileReference section */

/* Begin PBXFrameworksBuildPhase section */
		810124392339105A0079CB87 /* Frameworks */ = {
			isa = PBXFrameworksBuildPhase;
			buildActionMask = 2147483647;
			files = (
				302AFD2D53C8C47F393463DA /* Pods_AlamofileMappble.framework in Frameworks */,
			);
			runOnlyForDeploymentPostprocessing = 0;
		};
/* End PBXFrameworksBuildPhase section */

/* Begin PBXGroup section */
		392C276A944DEE8927C6091D /* Pods */ = {
			isa = PBXGroup;
			children = (
				ACEABD2E872A9C7C6FCE7600 /* Pods-AlamofileMappble.debug.xcconfig */,
				130D9E567C2A0E788B070440 /* Pods-AlamofileMappble.release.xcconfig */,
			);
			path = Pods;
			sourceTree = "<group>";
		};
		81012433233910590079CB87 = {
			isa = PBXGroup;
			children = (
				8101243E2339105A0079CB87 /* AlamofileMappble */,
				8101243D2339105A0079CB87 /* Products */,
				392C276A944DEE8927C6091D /* Pods */,
				F2A10C95E626FA0B32942C5D /* Frameworks */,
			);
			sourceTree = "<group>";
		};
		8101243D2339105A0079CB87 /* Products */ = {
			isa = PBXGroup;
			children = (
				8101243C2339105A0079CB87 /* AlamofileMappble.app */,
			);
			name = Products;
			sourceTree = "<group>";
		};
		8101243E2339105A0079CB87 /* AlamofileMappble */ = {
			isa = PBXGroup;
			children = (
				81012458233911C60079CB87 /* Url */,
				81012453233910740079CB87 /* View */,
				810124522339106E0079CB87 /* Controller */,
				81012451233910650079CB87 /* model */,
				8101243F2339105A0079CB87 /* AppDelegate.swift */,
				810124412339105A0079CB87 /* ViewController.swift */,
				810124432339105A0079CB87 /* Main.storyboard */,
				810124462339105A0079CB87 /* Assets.xcassets */,
				810124482339105A0079CB87 /* LaunchScreen.storyboard */,
				8101244B2339105A0079CB87 /* Info.plist */,
			);
			path = AlamofileMappble;
			sourceTree = "<group>";
		};
		81012451233910650079CB87 /* model */ = {
			isa = PBXGroup;
			children = (
				81012454233910930079CB87 /* DetailData.swift */,
				810124562339119E0079CB87 /* DataServicegetDataDetail.swift */,
			);
			path = model;
			sourceTree = "<group>";
		};
		810124522339106E0079CB87 /* Controller */ = {
			isa = PBXGroup;
			children = (
				8101245D2339125D0079CB87 /* TableViewController.swift */,
			);
			path = Controller;
			sourceTree = "<group>";
		};
		81012453233910740079CB87 /* View */ = {
			isa = PBXGroup;
			children = (
				8101245B2339123B0079CB87 /* TableViewCell.swift */,
			);
			path = View;
			sourceTree = "<group>";
		};
		81012458233911C60079CB87 /* Url */ = {
			isa = PBXGroup;
			children = (
				81012459233911D40079CB87 /* getDataUrl.swift */,
			);
			path = Url;
			sourceTree = "<group>";
		};
		F2A10C95E626FA0B32942C5D /* Frameworks */ = {
			isa = PBXGroup;
			children = (
				72A8E40877C72B805BF2F27A /* Pods_AlamofileMappble.framework */,
			);
			name = Frameworks;
			sourceTree = "<group>";
		};
/* End PBXGroup section */

/* Begin PBXNativeTarget section */
		8101243B2339105A0079CB87 /* AlamofileMappble */ = {
			isa = PBXNativeTarget;
			buildConfigurationList = 8101244E2339105A0079CB87 /* Build configuration list for PBXNativeTarget "AlamofileMappble" */;
			buildPhases = (
				9470BE5F4E9AD113283DC1D1 /* [CP] Check Pods Manifest.lock */,
				810124382339105A0079CB87 /* Sources */,
				810124392339105A0079CB87 /* Frameworks */,
				8101243A2339105A0079CB87 /* Resources */,
				597B8C04AD9292D3B35C0495 /* [CP] Embed Pods Frameworks */,
			);
			buildRules = (
			);
			dependencies = (
			);
			name = AlamofileMappble;
			productName = AlamofileMappble;
			productReference = 8101243C2339105A0079CB87 /* AlamofileMappble.app */;
			productType = "com.apple.product-type.application";
		};
/* End PBXNativeTarget section */

/* Begin PBXProject section */
		81012434233910590079CB87 /* Project object */ = {
			isa = PBXProject;
			attributes = {
				LastSwiftUpdateCheck = 1020;
				LastUpgradeCheck = 1020;
				ORGANIZATIONNAME = "LuyệnĐào";
				TargetAttributes = {
					8101243B2339105A0079CB87 = {
						CreatedOnToolsVersion = 10.2;
					};
				};
			};
			buildConfigurationList = 81012437233910590079CB87 /* Build configuration list for PBXProject "AlamofileMappble" */;
			compatibilityVersion = "Xcode 9.3";
			developmentRegion = en;
			hasScannedForEncodings = 0;
			knownRegions = (
				en,
				Base,
			);
			mainGroup = 81012433233910590079CB87;
			productRefGroup = 8101243D2339105A0079CB87 /* Products */;
			projectDirPath = "";
			projectRoot = "";
			targets = (
				8101243B2339105A0079CB87 /* AlamofileMappble */,
			);
		};
/* End PBXProject section */

/* Begin PBXResourcesBuildPhase section */
		8101243A2339105A0079CB87 /* Resources */ = {
			isa = PBXResourcesBuildPhase;
			buildActionMask = 2147483647;
			files = (
				8101244A2339105A0079CB87 /* LaunchScreen.storyboard in Resources */,
				810124472339105A0079CB87 /* Assets.xcassets in Resources */,
				810124452339105A0079CB87 /* Main.storyboard in Resources */,
			);
			runOnlyForDeploymentPostprocessing = 0;
		};
/* End PBXResourcesBuildPhase section */

/* Begin PBXShellScriptBuildPhase section */
		597B8C04AD9292D3B35C0495 /* [CP] Embed Pods Frameworks */ = {
			isa = PBXShellScriptBuildPhase;
			buildActionMask = 2147483647;
			files = (
			);
			inputFileListPaths = (
				"${PODS_ROOT}/Target Support Files/Pods-AlamofileMappble/Pods-AlamofileMappble-frameworks-${CONFIGURATION}-input-files.xcfilelist",
			);
			name = "[CP] Embed Pods Frameworks";
			outputFileListPaths = (
				"${PODS_ROOT}/Target Support Files/Pods-AlamofileMappble/Pods-AlamofileMappble-frameworks-${CONFIGURATION}-output-files.xcfilelist",
			);
			runOnlyForDeploymentPostprocessing = 0;
			shellPath = /bin/sh;
			shellScript = "\"${PODS_ROOT}/Target Support Files/Pods-AlamofileMappble/Pods-AlamofileMappble-frameworks.sh\"\n";
			showEnvVarsInLog = 0;
		};
		9470BE5F4E9AD113283DC1D1 /* [CP] Check Pods Manifest.lock */ = {
			isa = PBXShellScriptBuildPhase;
			buildActionMask = 2147483647;
			files = (
			);
			inputFileListPaths = (
			);
			inputPaths = (
				"${PODS_PODFILE_DIR_PATH}/Podfile.lock",
				"${PODS_ROOT}/Manifest.lock",
			);
			name = "[CP] Check Pods Manifest.lock";
			outputFileListPaths = (
			);
			outputPaths = (
				"$(DERIVED_FILE_DIR)/Pods-AlamofileMappble-checkManifestLockResult.txt",
			);
			runOnlyForDeploymentPostprocessing = 0;
			shellPath = /bin/sh;
			shellScript = "diff \"${PODS_PODFILE_DIR_PATH}/Podfile.lock\" \"${PODS_ROOT}/Manifest.lock\" > /dev/null\nif [ $? != 0 ] ; then\n    # print error to STDERR\n    echo \"error: The sandbox is not in sync with the Podfile.lock. Run 'pod install' or update your CocoaPods installation.\" >&2\n    exit 1\nfi\n# This output is used by Xcode 'outputs' to avoid re-running this script phase.\necho \"SUCCESS\" > \"${SCRIPT_OUTPUT_FILE_0}\"\n";
			showEnvVarsInLog = 0;
		};
/* End PBXShellScriptBuildPhase section */

/* Begin PBXSourcesBuildPhase section */
		810124382339105A0079CB87 /* Sources */ = {
			isa = PBXSourcesBuildPhase;
			buildActionMask = 2147483647;
			files = (
				810124422339105A0079CB87 /* ViewController.swift in Sources */,
				8101245E2339125D0079CB87 /* TableViewController.swift in Sources */,
				8101245A233911D40079CB87 /* getDataUrl.swift in Sources */,
				810124572339119E0079CB87 /* DataServicegetDataDetail.swift in Sources */,
				8101245C2339123B0079CB87 /* TableViewCell.swift in Sources */,
				810124402339105A0079CB87 /* AppDelegate.swift in Sources */,
				81012455233910930079CB87 /* DetailData.swift in Sources */,
			);
			runOnlyForDeploymentPostprocessing = 0;
		};
/* End PBXSourcesBuildPhase section */

/* Begin PBXVariantGroup section */
		810124432339105A0079CB87 /* Main.storyboard */ = {
			isa = PBXVariantGroup;
			children = (
				810124442339105A0079CB87 /* Base */,
			);
			name = Main.storyboard;
			sourceTree = "<group>";
		};
		810124482339105A0079CB87 /* LaunchScreen.storyboard */ = {
			isa = PBXVariantGroup;
			children = (
				810124492339105A0079CB87 /* Base */,
			);
			name = LaunchScreen.storyboard;
			sourceTree = "<group>";
		};
/* End PBXVariantGroup section */

/* Begin XCBuildConfiguration section */
		8101244C2339105A0079CB87 /* Debug */ = {
			isa = XCBuildConfiguration;
			buildSettings = {
				ALWAYS_SEARCH_USER_PATHS = NO;
				CLANG_ANALYZER_NONNULL = YES;
				CLANG_ANALYZER_NUMBER_OBJECT_CONVERSION = YES_AGGRESSIVE;
				CLANG_CXX_LANGUAGE_STANDARD = "gnu++14";
				CLANG_CXX_LIBRARY = "libc++";
				CLANG_ENABLE_MODULES = YES;
				CLANG_ENABLE_OBJC_ARC = YES;
				CLANG_ENABLE_OBJC_WEAK = YES;
				CLANG_WARN_BLOCK_CAPTURE_AUTORELEASING = YES;
				CLANG_WARN_BOOL_CONVERSION = YES;
				CLANG_WARN_COMMA = YES;
				CLANG_WARN_CONSTANT_CONVERSION = YES;
				CLANG_WARN_DEPRECATED_OBJC_IMPLEMENTATIONS = YES;
				CLANG_WARN_DIRECT_OBJC_ISA_USAGE = YES_ERROR;
				CLANG_WARN_DOCUMENTATION_COMMENTS = YES;
				CLANG_WARN_EMPTY_BODY = YES;
				CLANG_WARN_ENUM_CONVERSION = YES;
				CLANG_WARN_INFINITE_RECURSION = YES;
				CLANG_WARN_INT_CONVERSION = YES;
				CLANG_WARN_NON_LITERAL_NULL_CONVERSION = YES;
				CLANG_WARN_OBJC_IMPLICIT_RETAIN_SELF = YES;
				CLANG_WARN_OBJC_LITERAL_CONVERSION = YES;
				CLANG_WARN_OBJC_ROOT_CLASS = YES_ERROR;
				CLANG_WARN_RANGE_LOOP_ANALYSIS = YES;
				CLANG_WARN_STRICT_PROTOTYPES = YES;
				CLANG_WARN_SUSPICIOUS_MOVE = YES;
				CLANG_WARN_UNGUARDED_AVAILABILITY = YES_AGGRESSIVE;
				CLANG_WARN_UNREACHABLE_CODE = YES;
				CLANG_WARN__DUPLICATE_METHOD_MATCH = YES;
				CODE_SIGN_IDENTITY = "iPhone Developer";
				COPY_PHASE_STRIP = NO;
				DEBUG_INFORMATION_FORMAT = dwarf;
				ENABLE_STRICT_OBJC_MSGSEND = YES;
				ENABLE_TESTABILITY = YES;
				GCC_C_LANGUAGE_STANDARD = gnu11;
				GCC_DYNAMIC_NO_PIC = NO;
				GCC_NO_COMMON_BLOCKS = YES;
				GCC_OPTIMIZATION_LEVEL = 0;
				GCC_PREPROCESSOR_DEFINITIONS = (
					"DEBUG=1",
					"$(inherited)",
				);
				GCC_WARN_64_TO_32_BIT_CONVERSION = YES;
				GCC_WARN_ABOUT_RETURN_TYPE = YES_ERROR;
				GCC_WARN_UNDECLARED_SELECTOR = YES;
				GCC_WARN_UNINITIALIZED_AUTOS = YES_AGGRESSIVE;
				GCC_WARN_UNUSED_FUNCTION = YES;
				GCC_WARN_UNUSED_VARIABLE = YES;
				IPHONEOS_DEPLOYMENT_TARGET = 12.2;
				MTL_ENABLE_DEBUG_INFO = INCLUDE_SOURCE;
				MTL_FAST_MATH = YES;
				ONLY_ACTIVE_ARCH = YES;
				SDKROOT = iphoneos;
				SWIFT_ACTIVE_COMPILATION_CONDITIONS = DEBUG;
				SWIFT_OPTIMIZATION_LEVEL = "-Onone";
			};
			name = Debug;
		};
		8101244D2339105A0079CB87 /* Release */ = {
			isa = XCBuildConfiguration;
			buildSettings = {
				ALWAYS_SEARCH_USER_PATHS = NO;
				CLANG_ANALYZER_NONNULL = YES;
				CLANG_ANALYZER_NUMBER_OBJECT_CONVERSION = YES_AGGRESSIVE;
				CLANG_CXX_LANGUAGE_STANDARD = "gnu++14";
				CLANG_CXX_LIBRARY = "libc++";
				CLANG_ENABLE_MODULES = YES;
				CLANG_ENABLE_OBJC_ARC = YES;
				CLANG_ENABLE_OBJC_WEAK = YES;
				CLANG_WARN_BLOCK_CAPTURE_AUTORELEASING = YES;
				CLANG_WARN_BOOL_CONVERSION = YES;
				CLANG_WARN_COMMA = YES;
				CLANG_WARN_CONSTANT_CONVERSION = YES;
				CLANG_WARN_DEPRECATED_OBJC_IMPLEMENTATIONS = YES;
				CLANG_WARN_DIRECT_OBJC_ISA_USAGE = YES_ERROR;
				CLANG_WARN_DOCUMENTATION_COMMENTS = YES;
				CLANG_WARN_EMPTY_BODY = YES;
				CLANG_WARN_ENUM_CONVERSION = YES;
				CLANG_WARN_INFINITE_RECURSION = YES;
				CLANG_WARN_INT_CONVERSION = YES;
				CLANG_WARN_NON_LITERAL_NULL_CONVERSION = YES;
				CLANG_WARN_OBJC_IMPLICIT_RETAIN_SELF = YES;
				CLANG_WARN_OBJC_LITERAL_CONVERSION = YES;
				CLANG_WARN_OBJC_ROOT_CLASS = YES_ERROR;
				CLANG_WARN_RANGE_LOOP_ANALYSIS = YES;
				CLANG_WARN_STRICT_PROTOTYPES = YES;
				CLANG_WARN_SUSPICIOUS_MOVE = YES;
				CLANG_WARN_UNGUARDED_AVAILABILITY = YES_AGGRESSIVE;
				CLANG_WARN_UNREACHABLE_CODE = YES;
				CLANG_WARN__DUPLICATE_METHOD_MATCH = YES;
				CODE_SIGN_IDENTITY = "iPhone Developer";
				COPY_PHASE_STRIP = NO;
				DEBUG_INFORMATION_FORMAT = "dwarf-with-dsym";
				ENABLE_NS_ASSERTIONS = NO;
				ENABLE_STRICT_OBJC_MSGSEND = YES;
				GCC_C_LANGUAGE_STANDARD = gnu11;
				GCC_NO_COMMON_BLOCKS = YES;
				GCC_WARN_64_TO_32_BIT_CONVERSION = YES;
				GCC_WARN_ABOUT_RETURN_TYPE = YES_ERROR;
				GCC_WARN_UNDECLARED_SELECTOR = YES;
				GCC_WARN_UNINITIALIZED_AUTOS = YES_AGGRESSIVE;
				GCC_WARN_UNUSED_FUNCTION = YES;
				GCC_WARN_UNUSED_VARIABLE = YES;
				IPHONEOS_DEPLOYMENT_TARGET = 12.2;
				MTL_ENABLE_DEBUG_INFO = NO;
				MTL_FAST_MATH = YES;
				SDKROOT = iphoneos;
				SWIFT_COMPILATION_MODE = wholemodule;
				SWIFT_OPTIMIZATION_LEVEL = "-O";
				VALIDATE_PRODUCT = YES;
			};
			name = Release;
		};
		8101244F2339105A0079CB87 /* Debug */ = {
			isa = XCBuildConfiguration;
			baseConfigurationReference = ACEABD2E872A9C7C6FCE7600 /* Pods-AlamofileMappble.debug.xcconfig */;
			buildSettings = {
				ASSETCATALOG_COMPILER_APPICON_NAME = AppIcon;
				CODE_SIGN_STYLE = Automatic;
				INFOPLIST_FILE = AlamofileMappble/Info.plist;
				LD_RUNPATH_SEARCH_PATHS = (
					"$(inherited)",
					"@executable_path/Frameworks",
				);
				PRODUCT_BUNDLE_IDENTIFIER = luyendao.AlamofileMappble;
				PRODUCT_NAME = "$(TARGET_NAME)";
				SWIFT_VERSION = 5.0;
				TARGETED_DEVICE_FAMILY = "1,2";
			};
			name = Debug;
		};
		810124502339105A0079CB87 /* Release */ = {
			isa = XCBuildConfiguration;
			baseConfigurationReference = 130D9E567C2A0E788B070440 /* Pods-AlamofileMappble.release.xcconfig */;
			buildSettings = {
				ASSETCATALOG_COMPILER_APPICON_NAME = AppIcon;
				CODE_SIGN_STYLE = Automatic;
				INFOPLIST_FILE = AlamofileMappble/Info.plist;
				LD_RUNPATH_SEARCH_PATHS = (
					"$(inherited)",
					"@executable_path/Frameworks",
				);
				PRODUCT_BUNDLE_IDENTIFIER = luyendao.AlamofileMappble;
				PRODUCT_NAME = "$(TARGET_NAME)";
				SWIFT_VERSION = 5.0;
				TARGETED_DEVICE_FAMILY = "1,2";
			};
			name = Release;
		};
/* End XCBuildConfiguration section */

/* Begin XCConfigurationList section */
		81012437233910590079CB87 /* Build configuration list for PBXProject "AlamofileMappble" */ = {
			isa = XCConfigurationList;
			buildConfigurations = (
				8101244C2339105A0079CB87 /* Debug */,
				8101244D2339105A0079CB87 /* Release */,
			);
			defaultConfigurationIsVisible = 0;
			defaultConfigurationName = Release;
		};
		8101244E2339105A0079CB87 /* Build configuration list for PBXNativeTarget "AlamofileMappble" */ = {
			isa = XCConfigurationList;
			buildConfigurations = (
				8101244F2339105A0079CB87 /* Debug */,
				810124502339105A0079CB87 /* Release */,
			);
			defaultConfigurationIsVisible = 0;
			defaultConfigurationName = Release;
		};
/* End XCConfigurationList section */
	};
	rootObject = 81012434233910590079CB87 /* Project object */;
}
